{
    "_readme": [
        "This file locks the dependencies of your project to a known state",
        "Read more about it at https://getcomposer.org/doc/01-basic-usage.md#installing-dependencies",
        "This file is @generated automatically"
    ],
    "content-hash": "b6fd9765fcf2257175c5c482859f72a1",
    "packages": [
        {
            "name": "symfony/polyfill-php82",
            "version": "1.x-dev",
            "source": {
                "type": "git",
                "url": "https://github.com/symfony/polyfill-php82.git",
                "reference": "77ff49780f56906788a88974867ed68bc49fae5b"
            },
            "dist": {
                "type": "zip",
                "url": "https://api.github.com/repos/symfony/polyfill-php82/zipball/77ff49780f56906788a88974867ed68bc49fae5b",
                "reference": "77ff49780f56906788a88974867ed68bc49fae5b",
                "shasum": ""
            },
            "require": {
                "php": ">=7.2"
            },
            "default-branch": true,
            "type": "library",
            "extra": {
                "thanks": {
                    "name": "symfony/polyfill",
                    "url": "https://github.com/symfony/polyfill"
                }
            },
            "autoload": {
                "psr-4": {
                    "Symfony\\Polyfill\\Php82\\": ""
                },
                "files": [
                    "bootstrap.php"
                ],
                "classmap": [
                    "Resources/stubs"
                ]
            },
            "license": [
                "MIT"
            ],
            "authors": [
                {
                    "name": "Nicolas Grekas",
                    "email": "p@tchwork.com"
                },
                {
                    "name": "Symfony Community",
                    "homepage": "https://symfony.com/contributors"
                }
            ],
            "description": "Symfony polyfill backporting some PHP 8.2+ features to lower PHP versions",
            "homepage": "https://symfony.com",
            "keywords": [
                "compatibility",
                "polyfill",
                "portable",
                "shim"
            ],
            "support": {
                "source": "https://github.com/symfony/polyfill-php82/tree/v1.31.0"
            },
            "funding": [
                {
                    "type": "github",
                    "url": "https://github.com/fabpot"
                },
                {
                    "type": "tidelift",
                    "url": "https://tidelift.com/funding/github/packagist/symfony/symfony"
                },
                {
                    "type": "custom",
                    "url": "https://symfony.com/sponsor"
                }
            ],
            "time": "2024-09-09T11:45:10+00:00"
        }
    ],
    "packages-dev": [],
    "aliases": [
        {
            "package": "symfony/polyfill-php82",
            "version": "1.9999999.9999999.9999999-dev",
            "alias": "1.30.0",
            "alias_normalized": "1.30.0.0"
        }
    ],
    "minimum-stability": "stable",
    "stability-flags": {
        "symfony/polyfill-php82": 20
    },
    "prefer-stable": false,
    "prefer-lowest": false,
    "platform": {},
    "platform-dev": {},
    "plugin-api-version": "2.6.0"
}
